
Microsoft Visual Studio Solution File, Format Version 12.00
# Visual Studio Version 17
VisualStudioVersion = 17.0.31919.166
MinimumVisualStudioVersion = 10.0.40219.1
Project("{FAE04EC0-301F-11D3-BF4B-00C04F79EFBC}") = "SelectionSortString", "SelectionSortString.csproj", "{B474FB41-E5EA-4100-8405-436830494291}"
EndProject
Global
	GlobalSection(SolutionConfigurationPlatforms) = preSolution
		Debug|Any CPU = Debug|Any CPU
		Release|Any CPU = Release|Any CPU
	EndGlobalSection
	GlobalSection(ProjectConfigurationPlatforms) = postSolution
		{B474FB41-E5EA-4100-8405-436830494291}.Debug|Any CPU.ActiveCfg = Debug|Any CPU
		{B474FB41-E5EA-4100-8405-436830494291}.Debug|Any CPU.Build.0 = Debug|Any CPU
		{B474FB41-E5EA-4100-8405-436830494291}.Release|Any CPU.ActiveCfg = Release|Any CPU
		{B474FB41-E5EA-4100-8405-436830494291}.Release|Any CPU.Build.0 = Release|Any CPU
	EndGlobalSection
	GlobalSection(SolutionProperties) = preSolution
		HideSolutionNode = FALSE
	EndGlobalSection
	GlobalSection(ExtensibilityGlobals) = postSolution
		SolutionGuid = {F73E17E9-3AF5-4AAF-9E96-4B78962A579E}
	EndGlobalSection
EndGlobal
