
Microsoft Visual Studio Solution File, Format Version 12.00
# Visual Studio Version 17
VisualStudioVersion = 17.1.32421.90
MinimumVisualStudioVersion = 10.0.40219.1
Project("{FAE04EC0-301F-11D3-BF4B-00C04F79EFBC}") = "Subnetting", "Subnetting\Subnetting.csproj", "{86C5E866-0F7C-48D0-8A75-A9338F90467B}"
EndProject
Global
	GlobalSection(SolutionConfigurationPlatforms) = preSolution
		Debug|Any CPU = Debug|Any CPU
		Release|Any CPU = Release|Any CPU
	EndGlobalSection
	GlobalSection(ProjectConfigurationPlatforms) = postSolution
		{86C5E866-0F7C-48D0-8A75-A9338F90467B}.Debug|Any CPU.ActiveCfg = Debug|Any CPU
		{86C5E866-0F7C-48D0-8A75-A9338F90467B}.Debug|Any CPU.Build.0 = Debug|Any CPU
		{86C5E866-0F7C-48D0-8A75-A9338F90467B}.Release|Any CPU.ActiveCfg = Release|Any CPU
		{86C5E866-0F7C-48D0-8A75-A9338F90467B}.Release|Any CPU.Build.0 = Release|Any CPU
	EndGlobalSection
	GlobalSection(SolutionProperties) = preSolution
		HideSolutionNode = FALSE
	EndGlobalSection
	GlobalSection(ExtensibilityGlobals) = postSolution
		SolutionGuid = {F9C02B57-9B37-47C0-8B7A-5F3200776A2A}
	EndGlobalSection
EndGlobal
