
Microsoft Visual Studio Solution File, Format Version 12.00
# Visual Studio Version 17
VisualStudioVersion = 17.3.32825.248
MinimumVisualStudioVersion = 10.0.40219.1
Project("{FAE04EC0-301F-11D3-BF4B-00C04F79EFBC}") = "FlottaNavake", "FlottaNavake.csproj", "{71684ABA-8104-4568-96AC-0D0CDE554402}"
EndProject
Global
	GlobalSection(SolutionConfigurationPlatforms) = preSolution
		Debug|Any CPU = Debug|Any CPU
		Release|Any CPU = Release|Any CPU
	EndGlobalSection
	GlobalSection(ProjectConfigurationPlatforms) = postSolution
		{71684ABA-8104-4568-96AC-0D0CDE554402}.Debug|Any CPU.ActiveCfg = Debug|Any CPU
		{71684ABA-8104-4568-96AC-0D0CDE554402}.Debug|Any CPU.Build.0 = Debug|Any CPU
		{71684ABA-8104-4568-96AC-0D0CDE554402}.Release|Any CPU.ActiveCfg = Release|Any CPU
		{71684ABA-8104-4568-96AC-0D0CDE554402}.Release|Any CPU.Build.0 = Release|Any CPU
	EndGlobalSection
	GlobalSection(SolutionProperties) = preSolution
		HideSolutionNode = FALSE
	EndGlobalSection
	GlobalSection(ExtensibilityGlobals) = postSolution
		SolutionGuid = {995D9B1F-9862-40C9-90CD-48288AEF880C}
	EndGlobalSection
EndGlobal
