
Microsoft Visual Studio Solution File, Format Version 12.00
# Visual Studio Version 17
VisualStudioVersion = 17.0.31919.166
MinimumVisualStudioVersion = 10.0.40219.1
Project("{FAE04EC0-301F-11D3-BF4B-00C04F79EFBC}") = "ciao targa", "ciao targa.csproj", "{BEDED6F3-1334-4143-AEF4-AB8A3356D29A}"
EndProject
Global
	GlobalSection(SolutionConfigurationPlatforms) = preSolution
		Debug|Any CPU = Debug|Any CPU
		Release|Any CPU = Release|Any CPU
	EndGlobalSection
	GlobalSection(ProjectConfigurationPlatforms) = postSolution
		{BEDED6F3-1334-4143-AEF4-AB8A3356D29A}.Debug|Any CPU.ActiveCfg = Debug|Any CPU
		{BEDED6F3-1334-4143-AEF4-AB8A3356D29A}.Debug|Any CPU.Build.0 = Debug|Any CPU
		{BEDED6F3-1334-4143-AEF4-AB8A3356D29A}.Release|Any CPU.ActiveCfg = Release|Any CPU
		{BEDED6F3-1334-4143-AEF4-AB8A3356D29A}.Release|Any CPU.Build.0 = Release|Any CPU
	EndGlobalSection
	GlobalSection(SolutionProperties) = preSolution
		HideSolutionNode = FALSE
	EndGlobalSection
	GlobalSection(ExtensibilityGlobals) = postSolution
		SolutionGuid = {6A0FF99E-1FD5-4F0D-BD74-255BF896E46E}
	EndGlobalSection
EndGlobal
